
Microsoft Visual Studio Solution File, Format Version 12.00
# Visual Studio Version 16
VisualStudioVersion = 16.0.30204.135
MinimumVisualStudioVersion = 10.0.40219.1
Project("{FAE04EC0-301F-11D3-BF4B-00C04F79EFBC}") = "Cluster", "Cluster\Cluster.csproj", "{A3CBD225-2A01-44B1-9927-CA0E758BF580}"
EndProject
Global
	GlobalSection(SolutionConfigurationPlatforms) = preSolution
		Debug|Any CPU = Debug|Any CPU
		Release|Any CPU = Release|Any CPU
	EndGlobalSection
	GlobalSection(ProjectConfigurationPlatforms) = postSolution
		{A3CBD225-2A01-44B1-9927-CA0E758BF580}.Debug|Any CPU.ActiveCfg = Debug|Any CPU
		{A3CBD225-2A01-44B1-9927-CA0E758BF580}.Debug|Any CPU.Build.0 = Debug|Any CPU
		{A3CBD225-2A01-44B1-9927-CA0E758BF580}.Release|Any CPU.ActiveCfg = Release|Any CPU
		{A3CBD225-2A01-44B1-9927-CA0E758BF580}.Release|Any CPU.Build.0 = Release|Any CPU
	EndGlobalSection
	GlobalSection(SolutionProperties) = preSolution
		HideSolutionNode = FALSE
	EndGlobalSection
	GlobalSection(ExtensibilityGlobals) = postSolution
		SolutionGuid = {8A9137FB-B7DB-402B-9324-A4D5054A8425}
	EndGlobalSection
EndGlobal
